// !$*UTF8*$!
{
	archiveVersion = 1;
	classes = {
	};
	objectVersion = 48;
	objects = {

/* Begin PBXBuildFile section */
		52A61B1162270E810CCDDFDC /* Pods_sd_ios.framework in Frameworks */ = {isa = PBXBuildFile; fileRef = 6B67CEA56FF0770C408D44F8 /* Pods_sd_ios.framework */; };
		F3221BB51FBDD08200C0CEA0 /* HomeTabBarController.swift in Sources */ = {isa = PBXBuildFile; fileRef = F3221BB41FBDD08200C0CEA0 /* HomeTabBarController.swift */; };
		F3221BB71FBDD3C500C0CEA0 /* OffersTableViewController.swift in Sources */ = {isa = PBXBuildFile; fileRef = F3221BB61FBDD3C500C0CEA0 /* OffersTableViewController.swift */; };
		F3221BB91FBDD46B00C0CEA0 /* Offer.model.swift in Sources */ = {isa = PBXBuildFile; fileRef = F3221BB81FBDD46B00C0CEA0 /* Offer.model.swift */; };
		F32CFC121FCC97A100410B32 /* User.model.swift in Sources */ = {isa = PBXBuildFile; fileRef = F32CFC111FCC97A100410B32 /* User.model.swift */; };
		F3371E131FBD9FAB0038FB26 /* AppDelegate.swift in Sources */ = {isa = PBXBuildFile; fileRef = F3371E121FBD9FAB0038FB26 /* AppDelegate.swift */; };
		F3371E181FBD9FAB0038FB26 /* Main.storyboard in Resources */ = {isa = PBXBuildFile; fileRef = F3371E161FBD9FAB0038FB26 /* Main.storyboard */; };
		F3371E1B1FBD9FAB0038FB26 /* sd_ios.xcdatamodeld in Sources */ = {isa = PBXBuildFile; fileRef = F3371E191FBD9FAB0038FB26 /* sd_ios.xcdatamodeld */; };
		F3371E1D1FBD9FAB0038FB26 /* Assets.xcassets in Resources */ = {isa = PBXBuildFile; fileRef = F3371E1C1FBD9FAB0038FB26 /* Assets.xcassets */; };
		F3371E201FBD9FAB0038FB26 /* LaunchScreen.storyboard in Resources */ = {isa = PBXBuildFile; fileRef = F3371E1E1FBD9FAB0038FB26 /* LaunchScreen.storyboard */; };
		F3BCE9231FC1875F00E335AC /* OfferDetailViewController.swift in Sources */ = {isa = PBXBuildFile; fileRef = F3BCE9221FC1875F00E335AC /* OfferDetailViewController.swift */; };
		F3BCE9251FC1A77200E335AC /* OfferListTableViewCell.swift in Sources */ = {isa = PBXBuildFile; fileRef = F3BCE9241FC1A77200E335AC /* OfferListTableViewCell.swift */; };
		F3F839C41FCAD9700043A14D /* CategoryFilterViewController.swift in Sources */ = {isa = PBXBuildFile; fileRef = F3F839C31FCAD9700043A14D /* CategoryFilterViewController.swift */; };
		F3F839C61FCB161D0043A14D /* LoginViewController.swift in Sources */ = {isa = PBXBuildFile; fileRef = F3F839C51FCB161D0043A14D /* LoginViewController.swift */; };
		F3F839C81FCB19F00043A14D /* MeViewController.swift in Sources */ = {isa = PBXBuildFile; fileRef = F3F839C71FCB19F00043A14D /* MeViewController.swift */; };
		F3FA50FF1FC5F492006314BD /* ImageDownloader.swift in Sources */ = {isa = PBXBuildFile; fileRef = F3FA50FE1FC5F492006314BD /* ImageDownloader.swift */; };
		F3FA51011FC5F671006314BD /* Constants.swift in Sources */ = {isa = PBXBuildFile; fileRef = F3FA51001FC5F671006314BD /* Constants.swift */; };
		F3FA51031FC5FD0B006314BD /* AuthManager.swift in Sources */ = {isa = PBXBuildFile; fileRef = F3FA51021FC5FD0B006314BD /* AuthManager.swift */; };
/* End PBXBuildFile section */

/* Begin PBXFileReference section */
		61C093507E6767F811810342 /* Pods-sd-ios.release.xcconfig */ = {isa = PBXFileReference; includeInIndex = 1; lastKnownFileType = text.xcconfig; name = "Pods-sd-ios.release.xcconfig"; path = "Pods/Target Support Files/Pods-sd-ios/Pods-sd-ios.release.xcconfig"; sourceTree = "<group>"; };
		6B67CEA56FF0770C408D44F8 /* Pods_sd_ios.framework */ = {isa = PBXFileReference; explicitFileType = wrapper.framework; includeInIndex = 0; path = Pods_sd_ios.framework; sourceTree = BUILT_PRODUCTS_DIR; };
		B8C66825870346A7F40CEC36 /* Pods-sd-ios.debug.xcconfig */ = {isa = PBXFileReference; includeInIndex = 1; lastKnownFileType = text.xcconfig; name = "Pods-sd-ios.debug.xcconfig"; path = "Pods/Target Support Files/Pods-sd-ios/Pods-sd-ios.debug.xcconfig"; sourceTree = "<group>"; };
		F3221BB41FBDD08200C0CEA0 /* HomeTabBarController.swift */ = {isa = PBXFileReference; lastKnownFileType = sourcecode.swift; path = HomeTabBarController.swift; sourceTree = "<group>"; };
		F3221BB61FBDD3C500C0CEA0 /* OffersTableViewController.swift */ = {isa = PBXFileReference; lastKnownFileType = sourcecode.swift; path = OffersTableViewController.swift; sourceTree = "<group>"; };
		F3221BB81FBDD46B00C0CEA0 /* Offer.model.swift */ = {isa = PBXFileReference; lastKnownFileType = sourcecode.swift; path = Offer.model.swift; sourceTree = "<group>"; };
		F32CFC111FCC97A100410B32 /* User.model.swift */ = {isa = PBXFileReference; lastKnownFileType = sourcecode.swift; path = User.model.swift; sourceTree = "<group>"; };
		F3371E0F1FBD9FAB0038FB26 /* sd-ios.app */ = {isa = PBXFileReference; explicitFileType = wrapper.application; includeInIndex = 0; path = "sd-ios.app"; sourceTree = BUILT_PRODUCTS_DIR; };
		F3371E121FBD9FAB0038FB26 /* AppDelegate.swift */ = {isa = PBXFileReference; lastKnownFileType = sourcecode.swift; path = AppDelegate.swift; sourceTree = "<group>"; };
		F3371E171FBD9FAB0038FB26 /* Base */ = {isa = PBXFileReference; lastKnownFileType = file.storyboard; name = Base; path = Base.lproj/Main.storyboard; sourceTree = "<group>"; };
		F3371E1A1FBD9FAB0038FB26 /* sd_ios.xcdatamodel */ = {isa = PBXFileReference; lastKnownFileType = wrapper.xcdatamodel; path = sd_ios.xcdatamodel; sourceTree = "<group>"; };
		F3371E1C1FBD9FAB0038FB26 /* Assets.xcassets */ = {isa = PBXFileReference; lastKnownFileType = folder.assetcatalog; path = Assets.xcassets; sourceTree = "<group>"; };
		F3371E1F1FBD9FAB0038FB26 /* Base */ = {isa = PBXFileReference; lastKnownFileType = file.storyboard; name = Base; path = Base.lproj/LaunchScreen.storyboard; sourceTree = "<group>"; };
		F3371E211FBD9FAB0038FB26 /* Info.plist */ = {isa = PBXFileReference; lastKnownFileType = text.plist.xml; path = Info.plist; sourceTree = "<group>"; };
		F3BCE9221FC1875F00E335AC /* OfferDetailViewController.swift */ = {isa = PBXFileReference; lastKnownFileType = sourcecode.swift; path = OfferDetailViewController.swift; sourceTree = "<group>"; };
		F3BCE9241FC1A77200E335AC /* OfferListTableViewCell.swift */ = {isa = PBXFileReference; lastKnownFileType = sourcecode.swift; path = OfferListTableViewCell.swift; sourceTree = "<group>"; };
		F3F839C31FCAD9700043A14D /* CategoryFilterViewController.swift */ = {isa = PBXFileReference; lastKnownFileType = sourcecode.swift; path = CategoryFilterViewController.swift; sourceTree = "<group>"; };
		F3F839C51FCB161D0043A14D /* LoginViewController.swift */ = {isa = PBXFileReference; lastKnownFileType = sourcecode.swift; path = LoginViewController.swift; sourceTree = "<group>"; };
		F3F839C71FCB19F00043A14D /* MeViewController.swift */ = {isa = PBXFileReference; lastKnownFileType = sourcecode.swift; path = MeViewController.swift; sourceTree = "<group>"; };
		F3FA50FE1FC5F492006314BD /* ImageDownloader.swift */ = {isa = PBXFileReference; lastKnownFileType = sourcecode.swift; path = ImageDownloader.swift; sourceTree = "<group>"; };
		F3FA51001FC5F671006314BD /* Constants.swift */ = {isa = PBXFileReference; lastKnownFileType = sourcecode.swift; path = Constants.swift; sourceTree = "<group>"; };
		F3FA51021FC5FD0B006314BD /* AuthManager.swift */ = {isa = PBXFileReference; lastKnownFileType = sourcecode.swift; path = AuthManager.swift; sourceTree = "<group>"; };
/* End PBXFileReference section */

/* Begin PBXFrameworksBuildPhase section */
		F3371E0C1FBD9FAB0038FB26 /* Frameworks */ = {
			isa = PBXFrameworksBuildPhase;
			buildActionMask = 2147483647;
			files = (
				52A61B1162270E810CCDDFDC /* Pods_sd_ios.framework in Frameworks */,
			);
			runOnlyForDeploymentPostprocessing = 0;
		};
/* End PBXFrameworksBuildPhase section */

/* Begin PBXGroup section */
		118B44E13A71C1821E2AA363 /* Pods */ = {
			isa = PBXGroup;
			children = (
				B8C66825870346A7F40CEC36 /* Pods-sd-ios.debug.xcconfig */,
				61C093507E6767F811810342 /* Pods-sd-ios.release.xcconfig */,
			);
			name = Pods;
			sourceTree = "<group>";
		};
		5FDFA181995E5B2E33FD313C /* Frameworks */ = {
			isa = PBXGroup;
			children = (
				6B67CEA56FF0770C408D44F8 /* Pods_sd_ios.framework */,
			);
			name = Frameworks;
			sourceTree = "<group>";
		};
		F3371E061FBD9FAB0038FB26 = {
			isa = PBXGroup;
			children = (
				F3371E111FBD9FAB0038FB26 /* sd-ios */,
				F3371E101FBD9FAB0038FB26 /* Products */,
				118B44E13A71C1821E2AA363 /* Pods */,
				5FDFA181995E5B2E33FD313C /* Frameworks */,
			);
			sourceTree = "<group>";
		};
		F3371E101FBD9FAB0038FB26 /* Products */ = {
			isa = PBXGroup;
			children = (
				F3371E0F1FBD9FAB0038FB26 /* sd-ios.app */,
			);
			name = Products;
			sourceTree = "<group>";
		};
		F3371E111FBD9FAB0038FB26 /* sd-ios */ = {
			isa = PBXGroup;
			children = (
				F3371E121FBD9FAB0038FB26 /* AppDelegate.swift */,
				F3371E161FBD9FAB0038FB26 /* Main.storyboard */,
				F3371E1C1FBD9FAB0038FB26 /* Assets.xcassets */,
				F3371E1E1FBD9FAB0038FB26 /* LaunchScreen.storyboard */,
				F3371E211FBD9FAB0038FB26 /* Info.plist */,
				F3371E191FBD9FAB0038FB26 /* sd_ios.xcdatamodeld */,
				F3221BB41FBDD08200C0CEA0 /* HomeTabBarController.swift */,
				F3221BB61FBDD3C500C0CEA0 /* OffersTableViewController.swift */,
				F3221BB81FBDD46B00C0CEA0 /* Offer.model.swift */,
				F3BCE9221FC1875F00E335AC /* OfferDetailViewController.swift */,
				F3BCE9241FC1A77200E335AC /* OfferListTableViewCell.swift */,
				F3FA50FE1FC5F492006314BD /* ImageDownloader.swift */,
				F3FA51001FC5F671006314BD /* Constants.swift */,
				F3FA51021FC5FD0B006314BD /* AuthManager.swift */,
				F3F839C31FCAD9700043A14D /* CategoryFilterViewController.swift */,
				F3F839C51FCB161D0043A14D /* LoginViewController.swift */,
				F3F839C71FCB19F00043A14D /* MeViewController.swift */,
				F32CFC111FCC97A100410B32 /* User.model.swift */,
			);
			path = "sd-ios";
			sourceTree = "<group>";
		};
/* End PBXGroup section */

/* Begin PBXNativeTarget section */
		F3371E0E1FBD9FAB0038FB26 /* sd-ios */ = {
			isa = PBXNativeTarget;
			buildConfigurationList = F3371E241FBD9FAB0038FB26 /* Build configuration list for PBXNativeTarget "sd-ios" */;
			buildPhases = (
				0D0F97623B0D0A7DE176971D /* [CP] Check Pods Manifest.lock */,
				F3371E0B1FBD9FAB0038FB26 /* Sources */,
				F3371E0C1FBD9FAB0038FB26 /* Frameworks */,
				F3371E0D1FBD9FAB0038FB26 /* Resources */,
				71ECF23F7654D00A14869ABF /* [CP] Embed Pods Frameworks */,
				EBED6453F3494E45EF2CF2F5 /* [CP] Copy Pods Resources */,
			);
			buildRules = (
			);
			dependencies = (
			);
			name = "sd-ios";
			productName = "sd-ios";
			productReference = F3371E0F1FBD9FAB0038FB26 /* sd-ios.app */;
			productType = "com.apple.product-type.application";
		};
/* End PBXNativeTarget section */

/* Begin PBXProject section */
		F3371E071FBD9FAB0038FB26 /* Project object */ = {
			isa = PBXProject;
			attributes = {
				LastSwiftUpdateCheck = 0910;
				LastUpgradeCheck = 0910;
				ORGANIZATIONNAME = "Richárd Balog";
				TargetAttributes = {
					F3371E0E1FBD9FAB0038FB26 = {
						CreatedOnToolsVersion = 9.1;
						ProvisioningStyle = Automatic;
					};
				};
			};
			buildConfigurationList = F3371E0A1FBD9FAB0038FB26 /* Build configuration list for PBXProject "sd-ios" */;
			compatibilityVersion = "Xcode 8.0";
			developmentRegion = en;
			hasScannedForEncodings = 0;
			knownRegions = (
				en,
				Base,
			);
			mainGroup = F3371E061FBD9FAB0038FB26;
			productRefGroup = F3371E101FBD9FAB0038FB26 /* Products */;
			projectDirPath = "";
			projectRoot = "";
			targets = (
				F3371E0E1FBD9FAB0038FB26 /* sd-ios */,
			);
		};
/* End PBXProject section */

/* Begin PBXResourcesBuildPhase section */
		F3371E0D1FBD9FAB0038FB26 /* Resources */ = {
			isa = PBXResourcesBuildPhase;
			buildActionMask = 2147483647;
			files = (
				F3371E201FBD9FAB0038FB26 /* LaunchScreen.storyboard in Resources */,
				F3371E1D1FBD9FAB0038FB26 /* Assets.xcassets in Resources */,
				F3371E181FBD9FAB0038FB26 /* Main.storyboard in Resources */,
			);
			runOnlyForDeploymentPostprocessing = 0;
		};
/* End PBXResourcesBuildPhase section */

/* Begin PBXShellScriptBuildPhase section */
		0D0F97623B0D0A7DE176971D /* [CP] Check Pods Manifest.lock */ = {
			isa = PBXShellScriptBuildPhase;
			buildActionMask = 2147483647;
			files = (
			);
			inputPaths = (
				"${PODS_PODFILE_DIR_PATH}/Podfile.lock",
				"${PODS_ROOT}/Manifest.lock",
			);
			name = "[CP] Check Pods Manifest.lock";
			outputPaths = (
				"$(DERIVED_FILE_DIR)/Pods-sd-ios-checkManifestLockResult.txt",
			);
			runOnlyForDeploymentPostprocessing = 0;
			shellPath = /bin/sh;
			shellScript = "diff \"${PODS_PODFILE_DIR_PATH}/Podfile.lock\" \"${PODS_ROOT}/Manifest.lock\" > /dev/null\nif [ $? != 0 ] ; then\n    # print error to STDERR\n    echo \"error: The sandbox is not in sync with the Podfile.lock. Run 'pod install' or update your CocoaPods installation.\" >&2\n    exit 1\nfi\n# This output is used by Xcode 'outputs' to avoid re-running this script phase.\necho \"SUCCESS\" > \"${SCRIPT_OUTPUT_FILE_0}\"\n";
			showEnvVarsInLog = 0;
		};
		71ECF23F7654D00A14869ABF /* [CP] Embed Pods Frameworks */ = {
			isa = PBXShellScriptBuildPhase;
			buildActionMask = 2147483647;
			files = (
			);
			inputPaths = (
				"${SRCROOT}/Pods/Target Support Files/Pods-sd-ios/Pods-sd-ios-frameworks.sh",
				"${BUILT_PRODUCTS_DIR}/Alamofire/Alamofire.framework",
				"${BUILT_PRODUCTS_DIR}/Feathers/Feathers.framework",
				"${BUILT_PRODUCTS_DIR}/FeathersSwiftRest/FeathersSwiftRest.framework",
				"${BUILT_PRODUCTS_DIR}/JSONWebToken/JWT.framework",
				"${BUILT_PRODUCTS_DIR}/JWTDecode/JWTDecode.framework",
				"${BUILT_PRODUCTS_DIR}/KeychainSwift/KeychainSwift.framework",
				"${BUILT_PRODUCTS_DIR}/ReactiveSwift/ReactiveSwift.framework",
				"${BUILT_PRODUCTS_DIR}/Result/Result.framework",
			);
			name = "[CP] Embed Pods Frameworks";
			outputPaths = (
				"${TARGET_BUILD_DIR}/${FRAMEWORKS_FOLDER_PATH}/Alamofire.framework",
				"${TARGET_BUILD_DIR}/${FRAMEWORKS_FOLDER_PATH}/Feathers.framework",
				"${TARGET_BUILD_DIR}/${FRAMEWORKS_FOLDER_PATH}/FeathersSwiftRest.framework",
				"${TARGET_BUILD_DIR}/${FRAMEWORKS_FOLDER_PATH}/JWT.framework",
				"${TARGET_BUILD_DIR}/${FRAMEWORKS_FOLDER_PATH}/JWTDecode.framework",
				"${TARGET_BUILD_DIR}/${FRAMEWORKS_FOLDER_PATH}/KeychainSwift.framework",
				"${TARGET_BUILD_DIR}/${FRAMEWORKS_FOLDER_PATH}/ReactiveSwift.framework",
				"${TARGET_BUILD_DIR}/${FRAMEWORKS_FOLDER_PATH}/Result.framework",
			);
			runOnlyForDeploymentPostprocessing = 0;
			shellPath = /bin/sh;
			shellScript = "\"${SRCROOT}/Pods/Target Support Files/Pods-sd-ios/Pods-sd-ios-frameworks.sh\"\n";
			showEnvVarsInLog = 0;
		};
		EBED6453F3494E45EF2CF2F5 /* [CP] Copy Pods Resources */ = {
			isa = PBXShellScriptBuildPhase;
			buildActionMask = 2147483647;
			files = (
			);
			inputPaths = (
			);
			name = "[CP] Copy Pods Resources";
			outputPaths = (
			);
			runOnlyForDeploymentPostprocessing = 0;
			shellPath = /bin/sh;
			shellScript = "\"${SRCROOT}/Pods/Target Support Files/Pods-sd-ios/Pods-sd-ios-resources.sh\"\n";
			showEnvVarsInLog = 0;
		};
/* End PBXShellScriptBuildPhase section */

/* Begin PBXSourcesBuildPhase section */
		F3371E0B1FBD9FAB0038FB26 /* Sources */ = {
			isa = PBXSourcesBuildPhase;
			buildActionMask = 2147483647;
			files = (
				F3F839C81FCB19F00043A14D /* MeViewController.swift in Sources */,
				F3F839C61FCB161D0043A14D /* LoginViewController.swift in Sources */,
				F3BCE9251FC1A77200E335AC /* OfferListTableViewCell.swift in Sources */,
				F32CFC121FCC97A100410B32 /* User.model.swift in Sources */,
				F3371E1B1FBD9FAB0038FB26 /* sd_ios.xcdatamodeld in Sources */,
				F3FA50FF1FC5F492006314BD /* ImageDownloader.swift in Sources */,
				F3F839C41FCAD9700043A14D /* CategoryFilterViewController.swift in Sources */,
				F3221BB91FBDD46B00C0CEA0 /* Offer.model.swift in Sources */,
				F3371E131FBD9FAB0038FB26 /* AppDelegate.swift in Sources */,
				F3221BB71FBDD3C500C0CEA0 /* OffersTableViewController.swift in Sources */,
				F3BCE9231FC1875F00E335AC /* OfferDetailViewController.swift in Sources */,
				F3221BB51FBDD08200C0CEA0 /* HomeTabBarController.swift in Sources */,
				F3FA51011FC5F671006314BD /* Constants.swift in Sources */,
				F3FA51031FC5FD0B006314BD /* AuthManager.swift in Sources */,
			);
			runOnlyForDeploymentPostprocessing = 0;
		};
/* End PBXSourcesBuildPhase section */

/* Begin PBXVariantGroup section */
		F3371E161FBD9FAB0038FB26 /* Main.storyboard */ = {
			isa = PBXVariantGroup;
			children = (
				F3371E171FBD9FAB0038FB26 /* Base */,
			);
			name = Main.storyboard;
			sourceTree = "<group>";
		};
		F3371E1E1FBD9FAB0038FB26 /* LaunchScreen.storyboard */ = {
			isa = PBXVariantGroup;
			children = (
				F3371E1F1FBD9FAB0038FB26 /* Base */,
			);
			name = LaunchScreen.storyboard;
			sourceTree = "<group>";
		};
/* End PBXVariantGroup section */

/* Begin XCBuildConfiguration section */
		F3371E221FBD9FAB0038FB26 /* Debug */ = {
			isa = XCBuildConfiguration;
			buildSettings = {
				ALWAYS_SEARCH_USER_PATHS = NO;
				CLANG_ANALYZER_NONNULL = YES;
				CLANG_ANALYZER_NUMBER_OBJECT_CONVERSION = YES_AGGRESSIVE;
				CLANG_CXX_LANGUAGE_STANDARD = "gnu++14";
				CLANG_CXX_LIBRARY = "libc++";
				CLANG_ENABLE_MODULES = YES;
				CLANG_ENABLE_OBJC_ARC = YES;
				CLANG_WARN_BLOCK_CAPTURE_AUTORELEASING = YES;
				CLANG_WARN_BOOL_CONVERSION = YES;
				CLANG_WARN_COMMA = YES;
				CLANG_WARN_CONSTANT_CONVERSION = YES;
				CLANG_WARN_DIRECT_OBJC_ISA_USAGE = YES_ERROR;
				CLANG_WARN_DOCUMENTATION_COMMENTS = YES;
				CLANG_WARN_EMPTY_BODY = YES;
				CLANG_WARN_ENUM_CONVERSION = YES;
				CLANG_WARN_INFINITE_RECURSION = YES;
				CLANG_WARN_INT_CONVERSION = YES;
				CLANG_WARN_NON_LITERAL_NULL_CONVERSION = YES;
				CLANG_WARN_OBJC_LITERAL_CONVERSION = YES;
				CLANG_WARN_OBJC_ROOT_CLASS = YES_ERROR;
				CLANG_WARN_RANGE_LOOP_ANALYSIS = YES;
				CLANG_WARN_STRICT_PROTOTYPES = YES;
				CLANG_WARN_SUSPICIOUS_MOVE = YES;
				CLANG_WARN_UNGUARDED_AVAILABILITY = YES_AGGRESSIVE;
				CLANG_WARN_UNREACHABLE_CODE = YES;
				CLANG_WARN__DUPLICATE_METHOD_MATCH = YES;
				CODE_SIGN_IDENTITY = "iPhone Developer";
				COPY_PHASE_STRIP = NO;
				DEBUG_INFORMATION_FORMAT = dwarf;
				ENABLE_STRICT_OBJC_MSGSEND = YES;
				ENABLE_TESTABILITY = YES;
				GCC_C_LANGUAGE_STANDARD = gnu11;
				GCC_DYNAMIC_NO_PIC = NO;
				GCC_NO_COMMON_BLOCKS = YES;
				GCC_OPTIMIZATION_LEVEL = 0;
				GCC_PREPROCESSOR_DEFINITIONS = (
					"DEBUG=1",
					"$(inherited)",
				);
				GCC_WARN_64_TO_32_BIT_CONVERSION = YES;
				GCC_WARN_ABOUT_RETURN_TYPE = YES_ERROR;
				GCC_WARN_UNDECLARED_SELECTOR = YES;
				GCC_WARN_UNINITIALIZED_AUTOS = YES_AGGRESSIVE;
				GCC_WARN_UNUSED_FUNCTION = YES;
				GCC_WARN_UNUSED_VARIABLE = YES;
				IPHONEOS_DEPLOYMENT_TARGET = 11.1;
				MTL_ENABLE_DEBUG_INFO = YES;
				ONLY_ACTIVE_ARCH = YES;
				SDKROOT = iphoneos;
				SWIFT_ACTIVE_COMPILATION_CONDITIONS = DEBUG;
				SWIFT_OPTIMIZATION_LEVEL = "-Onone";
			};
			name = Debug;
		};
		F3371E231FBD9FAB0038FB26 /* Release */ = {
			isa = XCBuildConfiguration;
			buildSettings = {
				ALWAYS_SEARCH_USER_PATHS = NO;
				CLANG_ANALYZER_NONNULL = YES;
				CLANG_ANALYZER_NUMBER_OBJECT_CONVERSION = YES_AGGRESSIVE;
				CLANG_CXX_LANGUAGE_STANDARD = "gnu++14";
				CLANG_CXX_LIBRARY = "libc++";
				CLANG_ENABLE_MODULES = YES;
				CLANG_ENABLE_OBJC_ARC = YES;
				CLANG_WARN_BLOCK_CAPTURE_AUTORELEASING = YES;
				CLANG_WARN_BOOL_CONVERSION = YES;
				CLANG_WARN_COMMA = YES;
				CLANG_WARN_CONSTANT_CONVERSION = YES;
				CLANG_WARN_DIRECT_OBJC_ISA_USAGE = YES_ERROR;
				CLANG_WARN_DOCUMENTATION_COMMENTS = YES;
				CLANG_WARN_EMPTY_BODY = YES;
				CLANG_WARN_ENUM_CONVERSION = YES;
				CLANG_WARN_INFINITE_RECURSION = YES;
				CLANG_WARN_INT_CONVERSION = YES;
				CLANG_WARN_NON_LITERAL_NULL_CONVERSION = YES;
				CLANG_WARN_OBJC_LITERAL_CONVERSION = YES;
				CLANG_WARN_OBJC_ROOT_CLASS = YES_ERROR;
				CLANG_WARN_RANGE_LOOP_ANALYSIS = YES;
				CLANG_WARN_STRICT_PROTOTYPES = YES;
				CLANG_WARN_SUSPICIOUS_MOVE = YES;
				CLANG_WARN_UNGUARDED_AVAILABILITY = YES_AGGRESSIVE;
				CLANG_WARN_UNREACHABLE_CODE = YES;
				CLANG_WARN__DUPLICATE_METHOD_MATCH = YES;
				CODE_SIGN_IDENTITY = "iPhone Developer";
				COPY_PHASE_STRIP = NO;
				DEBUG_INFORMATION_FORMAT = "dwarf-with-dsym";
				ENABLE_NS_ASSERTIONS = NO;
				ENABLE_STRICT_OBJC_MSGSEND = YES;
				GCC_C_LANGUAGE_STANDARD = gnu11;
				GCC_NO_COMMON_BLOCKS = YES;
				GCC_WARN_64_TO_32_BIT_CONVERSION = YES;
				GCC_WARN_ABOUT_RETURN_TYPE = YES_ERROR;
				GCC_WARN_UNDECLARED_SELECTOR = YES;
				GCC_WARN_UNINITIALIZED_AUTOS = YES_AGGRESSIVE;
				GCC_WARN_UNUSED_FUNCTION = YES;
				GCC_WARN_UNUSED_VARIABLE = YES;
				IPHONEOS_DEPLOYMENT_TARGET = 11.1;
				MTL_ENABLE_DEBUG_INFO = NO;
				SDKROOT = iphoneos;
				SWIFT_OPTIMIZATION_LEVEL = "-Owholemodule";
				VALIDATE_PRODUCT = YES;
			};
			name = Release;
		};
		F3371E251FBD9FAB0038FB26 /* Debug */ = {
			isa = XCBuildConfiguration;
			baseConfigurationReference = B8C66825870346A7F40CEC36 /* Pods-sd-ios.debug.xcconfig */;
			buildSettings = {
				ASSETCATALOG_COMPILER_APPICON_NAME = AppIcon;
				CODE_SIGN_STYLE = Automatic;
				DEVELOPMENT_TEAM = SL846PXPT3;
				INFOPLIST_FILE = "sd-ios/Info.plist";
				LD_RUNPATH_SEARCH_PATHS = "$(inherited) @executable_path/Frameworks";
				PRODUCT_BUNDLE_IDENTIFIER = "hu.richard.balog.sd-ios";
				PRODUCT_NAME = "$(TARGET_NAME)";
				SWIFT_VERSION = 4.0;
				TARGETED_DEVICE_FAMILY = "1,2";
			};
			name = Debug;
		};
		F3371E261FBD9FAB0038FB26 /* Release */ = {
			isa = XCBuildConfiguration;
			baseConfigurationReference = 61C093507E6767F811810342 /* Pods-sd-ios.release.xcconfig */;
			buildSettings = {
				ASSETCATALOG_COMPILER_APPICON_NAME = AppIcon;
				CODE_SIGN_STYLE = Automatic;
				DEVELOPMENT_TEAM = SL846PXPT3;
				INFOPLIST_FILE = "sd-ios/Info.plist";
				LD_RUNPATH_SEARCH_PATHS = "$(inherited) @executable_path/Frameworks";
				PRODUCT_BUNDLE_IDENTIFIER = "hu.richard.balog.sd-ios";
				PRODUCT_NAME = "$(TARGET_NAME)";
				SWIFT_VERSION = 4.0;
				TARGETED_DEVICE_FAMILY = "1,2";
			};
			name = Release;
		};
/* End XCBuildConfiguration section */

/* Begin XCConfigurationList section */
		F3371E0A1FBD9FAB0038FB26 /* Build configuration list for PBXProject "sd-ios" */ = {
			isa = XCConfigurationList;
			buildConfigurations = (
				F3371E221FBD9FAB0038FB26 /* Debug */,
				F3371E231FBD9FAB0038FB26 /* Release */,
			);
			defaultConfigurationIsVisible = 0;
			defaultConfigurationName = Release;
		};
		F3371E241FBD9FAB0038FB26 /* Build configuration list for PBXNativeTarget "sd-ios" */ = {
			isa = XCConfigurationList;
			buildConfigurations = (
				F3371E251FBD9FAB0038FB26 /* Debug */,
				F3371E261FBD9FAB0038FB26 /* Release */,
			);
			defaultConfigurationIsVisible = 0;
			defaultConfigurationName = Release;
		};
/* End XCConfigurationList section */

/* Begin XCVersionGroup section */
		F3371E191FBD9FAB0038FB26 /* sd_ios.xcdatamodeld */ = {
			isa = XCVersionGroup;
			children = (
				F3371E1A1FBD9FAB0038FB26 /* sd_ios.xcdatamodel */,
			);
			currentVersion = F3371E1A1FBD9FAB0038FB26 /* sd_ios.xcdatamodel */;
			path = sd_ios.xcdatamodeld;
			sourceTree = "<group>";
			versionGroupType = wrapper.xcdatamodel;
		};
/* End XCVersionGroup section */
	};
	rootObject = F3371E071FBD9FAB0038FB26 /* Project object */;
}
